// !$*UTF8*$!
{
	archiveVersion = 1;
	classes = {
	};
	objectVersion = 46;
	objects = {

/* Begin PBXBuildFile section */
		49B96B791721088C00A70F74 /* SubMenuViewController.m in Sources */ = {isa = PBXBuildFile; fileRef = 49B96B781721088C00A70F74 /* SubMenuViewController.m */; };
		49E5115617201FFA006BD981 /* UIKit.framework in Frameworks */ = {isa = PBXBuildFile; fileRef = 49E5115517201FFA006BD981 /* UIKit.framework */; };
		49E5115817201FFA006BD981 /* Foundation.framework in Frameworks */ = {isa = PBXBuildFile; fileRef = 49E5115717201FFA006BD981 /* Foundation.framework */; };
		49E5115A17201FFA006BD981 /* CoreGraphics.framework in Frameworks */ = {isa = PBXBuildFile; fileRef = 49E5115917201FFA006BD981 /* CoreGraphics.framework */; };
		49E5116017201FFA006BD981 /* InfoPlist.strings in Resources */ = {isa = PBXBuildFile; fileRef = 49E5115E17201FFA006BD981 /* InfoPlist.strings */; };
		49E5116217201FFA006BD981 /* main.m in Sources */ = {isa = PBXBuildFile; fileRef = 49E5116117201FFA006BD981 /* main.m */; };
		49E5116617201FFA006BD981 /* AppDelegate.m in Sources */ = {isa = PBXBuildFile; fileRef = 49E5116517201FFA006BD981 /* AppDelegate.m */; };
		49E5116817201FFA006BD981 /* Default.png in Resources */ = {isa = PBXBuildFile; fileRef = 49E5116717201FFA006BD981 /* Default.png */; };
		49E5116A17201FFA006BD981 /* Default@2x.png in Resources */ = {isa = PBXBuildFile; fileRef = 49E5116917201FFA006BD981 /* Default@2x.png */; };
		49E5116C17201FFA006BD981 /* Default-568h@2x.png in Resources */ = {isa = PBXBuildFile; fileRef = 49E5116B17201FFA006BD981 /* Default-568h@2x.png */; };
		49E511731720200C006BD981 /* MainStoryboard.storyboard in Resources */ = {isa = PBXBuildFile; fileRef = 49E511721720200C006BD981 /* MainStoryboard.storyboard */; };
		49E51176172021B6006BD981 /* MenuViewController.m in Sources */ = {isa = PBXBuildFile; fileRef = 49E51175172021B6006BD981 /* MenuViewController.m */; };
		49E5117917202679006BD981 /* icon.png in Resources */ = {isa = PBXBuildFile; fileRef = 49E5117817202679006BD981 /* icon.png */; };
		49E5117B172026D7006BD981 /* icon114.png in Resources */ = {isa = PBXBuildFile; fileRef = 49E5117A172026D7006BD981 /* icon114.png */; };
		49E5117E17203451006BD981 /* calendar.png in Resources */ = {isa = PBXBuildFile; fileRef = 49E5117D17203451006BD981 /* calendar.png */; };
		49E5118017203461006BD981 /* fork-and-knife.png in Resources */ = {isa = PBXBuildFile; fileRef = 49E5117F17203461006BD981 /* fork-and-knife.png */; };
		49E511821720347A006BD981 /* tags.png in Resources */ = {isa = PBXBuildFile; fileRef = 49E511811720347A006BD981 /* tags.png */; };
		49E51184172034C6006BD981 /* location-arrow.png in Resources */ = {isa = PBXBuildFile; fileRef = 49E51183172034C6006BD981 /* location-arrow.png */; };
		49E5118817209C59006BD981 /* MenuItemCell.m in Sources */ = {isa = PBXBuildFile; fileRef = 49E5118717209C59006BD981 /* MenuItemCell.m */; };
		49E5118D1720EBFA006BD981 /* pasta.jpg in Resources */ = {isa = PBXBuildFile; fileRef = 49E5118A1720EBFA006BD981 /* pasta.jpg */; };
		49E5118E1720EBFA006BD981 /* small-dishes.jpg in Resources */ = {isa = PBXBuildFile; fileRef = 49E5118B1720EBFA006BD981 /* small-dishes.jpg */; };
		49E5118F1720EBFA006BD981 /* large-dishes.jpg in Resources */ = {isa = PBXBuildFile; fileRef = 49E5118C1720EBFA006BD981 /* large-dishes.jpg */; };
		49E511961720ECD5006BD981 /* SubMenuItemCell.m in Sources */ = {isa = PBXBuildFile; fileRef = 49E511951720ECD5006BD981 /* SubMenuItemCell.m */; };
		49E5119F1720F57C006BD981 /* CommonFunctions.m in Sources */ = {isa = PBXBuildFile; fileRef = 49E5119E1720F57B006BD981 /* CommonFunctions.m */; };
/* End PBXBuildFile section */

/* Begin PBXFileReference section */
		49B96B771721088C00A70F74 /* SubMenuViewController.h */ = {isa = PBXFileReference; fileEncoding = 4; lastKnownFileType = sourcecode.c.h; path = SubMenuViewController.h; sourceTree = "<group>"; };
		49B96B781721088C00A70F74 /* SubMenuViewController.m */ = {isa = PBXFileReference; fileEncoding = 4; lastKnownFileType = sourcecode.c.objc; path = SubMenuViewController.m; sourceTree = "<group>"; };
		49E5115217201FFA006BD981 /* Kens.app */ = {isa = PBXFileReference; explicitFileType = wrapper.application; includeInIndex = 0; path = Kens.app; sourceTree = BUILT_PRODUCTS_DIR; };
		49E5115517201FFA006BD981 /* UIKit.framework */ = {isa = PBXFileReference; lastKnownFileType = wrapper.framework; name = UIKit.framework; path = System/Library/Frameworks/UIKit.framework; sourceTree = SDKROOT; };
		49E5115717201FFA006BD981 /* Foundation.framework */ = {isa = PBXFileReference; lastKnownFileType = wrapper.framework; name = Foundation.framework; path = System/Library/Frameworks/Foundation.framework; sourceTree = SDKROOT; };
		49E5115917201FFA006BD981 /* CoreGraphics.framework */ = {isa = PBXFileReference; lastKnownFileType = wrapper.framework; name = CoreGraphics.framework; path = System/Library/Frameworks/CoreGraphics.framework; sourceTree = SDKROOT; };
		49E5115D17201FFA006BD981 /* Kens-Info.plist */ = {isa = PBXFileReference; lastKnownFileType = text.plist.xml; path = "Kens-Info.plist"; sourceTree = "<group>"; };
		49E5115F17201FFA006BD981 /* en */ = {isa = PBXFileReference; lastKnownFileType = text.plist.strings; name = en; path = en.lproj/InfoPlist.strings; sourceTree = "<group>"; };
		49E5116117201FFA006BD981 /* main.m */ = {isa = PBXFileReference; lastKnownFileType = sourcecode.c.objc; path = main.m; sourceTree = "<group>"; };
		49E5116317201FFA006BD981 /* Kens-Prefix.pch */ = {isa = PBXFileReference; lastKnownFileType = sourcecode.c.h; path = "Kens-Prefix.pch"; sourceTree = "<group>"; };
		49E5116417201FFA006BD981 /* AppDelegate.h */ = {isa = PBXFileReference; lastKnownFileType = sourcecode.c.h; path = AppDelegate.h; sourceTree = "<group>"; };
		49E5116517201FFA006BD981 /* AppDelegate.m */ = {isa = PBXFileReference; lastKnownFileType = sourcecode.c.objc; path = AppDelegate.m; sourceTree = "<group>"; };
		49E5116717201FFA006BD981 /* Default.png */ = {isa = PBXFileReference; lastKnownFileType = image.png; path = Default.png; sourceTree = "<group>"; };
		49E5116917201FFA006BD981 /* Default@2x.png */ = {isa = PBXFileReference; lastKnownFileType = image.png; path = "Default@2x.png"; sourceTree = "<group>"; };
		49E5116B17201FFA006BD981 /* Default-568h@2x.png */ = {isa = PBXFileReference; lastKnownFileType = image.png; path = "Default-568h@2x.png"; sourceTree = "<group>"; };
		49E511721720200C006BD981 /* MainStoryboard.storyboard */ = {isa = PBXFileReference; fileEncoding = 4; lastKnownFileType = file.storyboard; path = MainStoryboard.storyboard; sourceTree = "<group>"; };
		49E51174172021B6006BD981 /* MenuViewController.h */ = {isa = PBXFileReference; fileEncoding = 4; lastKnownFileType = sourcecode.c.h; name = MenuViewController.h; path = ../MenuViewController.h; sourceTree = "<group>"; };
		49E51175172021B6006BD981 /* MenuViewController.m */ = {isa = PBXFileReference; fileEncoding = 4; lastKnownFileType = sourcecode.c.objc; name = MenuViewController.m; path = ../MenuViewController.m; sourceTree = "<group>"; };
		49E5117817202679006BD981 /* icon.png */ = {isa = PBXFileReference; lastKnownFileType = image.png; name = icon.png; path = ../icon.png; sourceTree = "<group>"; };
		49E5117A172026D7006BD981 /* icon114.png */ = {isa = PBXFileReference; lastKnownFileType = image.png; name = icon114.png; path = ../icon114.png; sourceTree = "<group>"; };
		49E5117D17203451006BD981 /* calendar.png */ = {isa = PBXFileReference; lastKnownFileType = image.png; path = calendar.png; sourceTree = "<group>"; };
		49E5117F17203461006BD981 /* fork-and-knife.png */ = {isa = PBXFileReference; lastKnownFileType = image.png; path = "fork-and-knife.png"; sourceTree = "<group>"; };
		49E511811720347A006BD981 /* tags.png */ = {isa = PBXFileReference; lastKnownFileType = image.png; path = tags.png; sourceTree = "<group>"; };
		49E51183172034C6006BD981 /* location-arrow.png */ = {isa = PBXFileReference; lastKnownFileType = image.png; path = "location-arrow.png"; sourceTree = "<group>"; };
		49E5118617209C59006BD981 /* MenuItemCell.h */ = {isa = PBXFileReference; fileEncoding = 4; lastKnownFileType = sourcecode.c.h; path = MenuItemCell.h; sourceTree = "<group>"; };
		49E5118717209C59006BD981 /* MenuItemCell.m */ = {isa = PBXFileReference; fileEncoding = 4; lastKnownFileType = sourcecode.c.objc; path = MenuItemCell.m; sourceTree = "<group>"; };
		49E5118A1720EBFA006BD981 /* pasta.jpg */ = {isa = PBXFileReference; lastKnownFileType = image.jpeg; path = pasta.jpg; sourceTree = "<group>"; };
		49E5118B1720EBFA006BD981 /* small-dishes.jpg */ = {isa = PBXFileReference; lastKnownFileType = image.jpeg; path = "small-dishes.jpg"; sourceTree = "<group>"; };
		49E5118C1720EBFA006BD981 /* large-dishes.jpg */ = {isa = PBXFileReference; lastKnownFileType = image.jpeg; path = "large-dishes.jpg"; sourceTree = "<group>"; };
		49E511941720ECD5006BD981 /* SubMenuItemCell.h */ = {isa = PBXFileReference; fileEncoding = 4; lastKnownFileType = sourcecode.c.h; path = SubMenuItemCell.h; sourceTree = "<group>"; };
		49E511951720ECD5006BD981 /* SubMenuItemCell.m */ = {isa = PBXFileReference; fileEncoding = 4; lastKnownFileType = sourcecode.c.objc; path = SubMenuItemCell.m; sourceTree = "<group>"; };
		49E5119D1720F57B006BD981 /* CommonFunctions.h */ = {isa = PBXFileReference; fileEncoding = 4; lastKnownFileType = sourcecode.c.h; path = CommonFunctions.h; sourceTree = "<group>"; };
		49E5119E1720F57B006BD981 /* CommonFunctions.m */ = {isa = PBXFileReference; fileEncoding = 4; lastKnownFileType = sourcecode.c.objc; path = CommonFunctions.m; sourceTree = "<group>"; };
/* End PBXFileReference section */

/* Begin PBXFrameworksBuildPhase section */
		49E5114F17201FFA006BD981 /* Frameworks */ = {
			isa = PBXFrameworksBuildPhase;
			buildActionMask = 2147483647;
			files = (
				49E5115617201FFA006BD981 /* UIKit.framework in Frameworks */,
				49E5115817201FFA006BD981 /* Foundation.framework in Frameworks */,
				49E5115A17201FFA006BD981 /* CoreGraphics.framework in Frameworks */,
			);
			runOnlyForDeploymentPostprocessing = 0;
		};
/* End PBXFrameworksBuildPhase section */

/* Begin PBXGroup section */
		49E5114917201FFA006BD981 = {
			isa = PBXGroup;
			children = (
				49E5115B17201FFA006BD981 /* Kens */,
				49E5115417201FFA006BD981 /* Frameworks */,
				49E5115317201FFA006BD981 /* Products */,
			);
			sourceTree = "<group>";
		};
		49E5115317201FFA006BD981 /* Products */ = {
			isa = PBXGroup;
			children = (
				49E5115217201FFA006BD981 /* Kens.app */,
			);
			name = Products;
			sourceTree = "<group>";
		};
		49E5115417201FFA006BD981 /* Frameworks */ = {
			isa = PBXGroup;
			children = (
				49E5115517201FFA006BD981 /* UIKit.framework */,
				49E5115717201FFA006BD981 /* Foundation.framework */,
				49E5115917201FFA006BD981 /* CoreGraphics.framework */,
			);
			name = Frameworks;
			sourceTree = "<group>";
		};
		49E5115B17201FFA006BD981 /* Kens */ = {
			isa = PBXGroup;
			children = (
				49E5117C172033EF006BD981 /* images */,
				49E51177172021D0006BD981 /* Menu */,
				49E5116417201FFA006BD981 /* AppDelegate.h */,
				49E5116517201FFA006BD981 /* AppDelegate.m */,
				49E511721720200C006BD981 /* MainStoryboard.storyboard */,
				49E5115C17201FFA006BD981 /* Supporting Files */,
				49E5119D1720F57B006BD981 /* CommonFunctions.h */,
				49E5119E1720F57B006BD981 /* CommonFunctions.m */,
			);
			name = Kens;
			path = KensRestaurant;
			sourceTree = "<group>";
		};
		49E5115C17201FFA006BD981 /* Supporting Files */ = {
			isa = PBXGroup;
			children = (
				49E5115D17201FFA006BD981 /* Kens-Info.plist */,
				49E5115E17201FFA006BD981 /* InfoPlist.strings */,
				49E5116117201FFA006BD981 /* main.m */,
				49E5116317201FFA006BD981 /* Kens-Prefix.pch */,
				49E5116717201FFA006BD981 /* Default.png */,
				49E5116917201FFA006BD981 /* Default@2x.png */,
				49E5116B17201FFA006BD981 /* Default-568h@2x.png */,
			);
			name = "Supporting Files";
			sourceTree = "<group>";
		};
		49E51177172021D0006BD981 /* Menu */ = {
			isa = PBXGroup;
			children = (
				49E511901720EC8B006BD981 /* Cell */,
				49E51174172021B6006BD981 /* MenuViewController.h */,
				49E51175172021B6006BD981 /* MenuViewController.m */,
				49B96B771721088C00A70F74 /* SubMenuViewController.h */,
				49B96B781721088C00A70F74 /* SubMenuViewController.m */,
			);
			name = Menu;
			sourceTree = "<group>";
		};
		49E5117C172033EF006BD981 /* images */ = {
			isa = PBXGroup;
			children = (
				49E511891720EBEC006BD981 /* dishes */,
				49E5118517203656006BD981 /* icons */,
			);
			name = images;
			sourceTree = "<group>";
		};
		49E5118517203656006BD981 /* icons */ = {
			isa = PBXGroup;
			children = (
				49E5117A172026D7006BD981 /* icon114.png */,
				49E5117817202679006BD981 /* icon.png */,
				49E51183172034C6006BD981 /* location-arrow.png */,
				49E511811720347A006BD981 /* tags.png */,
				49E5117F17203461006BD981 /* fork-and-knife.png */,
				49E5117D17203451006BD981 /* calendar.png */,
			);
			name = icons;
			sourceTree = "<group>";
		};
		49E511891720EBEC006BD981 /* dishes */ = {
			isa = PBXGroup;
			children = (
				49E5118A1720EBFA006BD981 /* pasta.jpg */,
				49E5118B1720EBFA006BD981 /* small-dishes.jpg */,
				49E5118C1720EBFA006BD981 /* large-dishes.jpg */,
			);
			name = dishes;
			sourceTree = "<group>";
		};
		49E511901720EC8B006BD981 /* Cell */ = {
			isa = PBXGroup;
			children = (
				49E5118617209C59006BD981 /* MenuItemCell.h */,
				49E5118717209C59006BD981 /* MenuItemCell.m */,
				49E511941720ECD5006BD981 /* SubMenuItemCell.h */,
				49E511951720ECD5006BD981 /* SubMenuItemCell.m */,
			);
			name = Cell;
			sourceTree = "<group>";
		};
/* End PBXGroup section */

/* Begin PBXNativeTarget section */
		49E5115117201FFA006BD981 /* Kens */ = {
			isa = PBXNativeTarget;
			buildConfigurationList = 49E5116F17201FFA006BD981 /* Build configuration list for PBXNativeTarget "Kens" */;
			buildPhases = (
				49E5114E17201FFA006BD981 /* Sources */,
				49E5114F17201FFA006BD981 /* Frameworks */,
				49E5115017201FFA006BD981 /* Resources */,
			);
			buildRules = (
			);
			dependencies = (
			);
			name = Kens;
			productName = KensRestaurant;
			productReference = 49E5115217201FFA006BD981 /* Kens.app */;
			productType = "com.apple.product-type.application";
		};
/* End PBXNativeTarget section */

/* Begin PBXProject section */
		49E5114A17201FFA006BD981 /* Project object */ = {
			isa = PBXProject;
			attributes = {
				LastUpgradeCheck = 0460;
				ORGANIZATIONNAME = restaurant;
			};
			buildConfigurationList = 49E5114D17201FFA006BD981 /* Build configuration list for PBXProject "Kens" */;
			compatibilityVersion = "Xcode 3.2";
			developmentRegion = English;
			hasScannedForEncodings = 0;
			knownRegions = (
				en,
			);
			mainGroup = 49E5114917201FFA006BD981;
			productRefGroup = 49E5115317201FFA006BD981 /* Products */;
			projectDirPath = "";
			projectRoot = "";
			targets = (
				49E5115117201FFA006BD981 /* Kens */,
			);
		};
/* End PBXProject section */

/* Begin PBXResourcesBuildPhase section */
		49E5115017201FFA006BD981 /* Resources */ = {
			isa = PBXResourcesBuildPhase;
			buildActionMask = 2147483647;
			files = (
				49E5116017201FFA006BD981 /* InfoPlist.strings in Resources */,
				49E5116817201FFA006BD981 /* Default.png in Resources */,
				49E5116A17201FFA006BD981 /* Default@2x.png in Resources */,
				49E5116C17201FFA006BD981 /* Default-568h@2x.png in Resources */,
				49E511731720200C006BD981 /* MainStoryboard.storyboard in Resources */,
				49E5117917202679006BD981 /* icon.png in Resources */,
				49E5117B172026D7006BD981 /* icon114.png in Resources */,
				49E5117E17203451006BD981 /* calendar.png in Resources */,
				49E5118017203461006BD981 /* fork-and-knife.png in Resources */,
				49E511821720347A006BD981 /* tags.png in Resources */,
				49E51184172034C6006BD981 /* location-arrow.png in Resources */,
				49E5118D1720EBFA006BD981 /* pasta.jpg in Resources */,
				49E5118E1720EBFA006BD981 /* small-dishes.jpg in Resources */,
				49E5118F1720EBFA006BD981 /* large-dishes.jpg in Resources */,
			);
			runOnlyForDeploymentPostprocessing = 0;
		};
/* End PBXResourcesBuildPhase section */

/* Begin PBXSourcesBuildPhase section */
		49E5114E17201FFA006BD981 /* Sources */ = {
			isa = PBXSourcesBuildPhase;
			buildActionMask = 2147483647;
			files = (
				49E5116217201FFA006BD981 /* main.m in Sources */,
				49E5116617201FFA006BD981 /* AppDelegate.m in Sources */,
				49E51176172021B6006BD981 /* MenuViewController.m in Sources */,
				49E5118817209C59006BD981 /* MenuItemCell.m in Sources */,
				49E511961720ECD5006BD981 /* SubMenuItemCell.m in Sources */,
				49E5119F1720F57C006BD981 /* CommonFunctions.m in Sources */,
				49B96B791721088C00A70F74 /* SubMenuViewController.m in Sources */,
			);
			runOnlyForDeploymentPostprocessing = 0;
		};
/* End PBXSourcesBuildPhase section */

/* Begin PBXVariantGroup section */
		49E5115E17201FFA006BD981 /* InfoPlist.strings */ = {
			isa = PBXVariantGroup;
			children = (
				49E5115F17201FFA006BD981 /* en */,
			);
			name = InfoPlist.strings;
			sourceTree = "<group>";
		};
/* End PBXVariantGroup section */

/* Begin XCBuildConfiguration section */
		49E5116D17201FFA006BD981 /* Debug */ = {
			isa = XCBuildConfiguration;
			buildSettings = {
				ALWAYS_SEARCH_USER_PATHS = NO;
				CLANG_CXX_LANGUAGE_STANDARD = "gnu++0x";
				CLANG_CXX_LIBRARY = "libc++";
				CLANG_ENABLE_OBJC_ARC = YES;
				CLANG_WARN_CONSTANT_CONVERSION = YES;
				CLANG_WARN_EMPTY_BODY = YES;
				CLANG_WARN_ENUM_CONVERSION = YES;
				CLANG_WARN_INT_CONVERSION = YES;
				CLANG_WARN__DUPLICATE_METHOD_MATCH = YES;
				"CODE_SIGN_IDENTITY[sdk=iphoneos*]" = "iPhone Developer";
				COPY_PHASE_STRIP = NO;
				GCC_C_LANGUAGE_STANDARD = gnu99;
				GCC_DYNAMIC_NO_PIC = NO;
				GCC_OPTIMIZATION_LEVEL = 0;
				GCC_PREPROCESSOR_DEFINITIONS = (
					"DEBUG=1",
					"$(inherited)",
				);
				GCC_SYMBOLS_PRIVATE_EXTERN = NO;
				GCC_WARN_ABOUT_RETURN_TYPE = YES;
				GCC_WARN_UNINITIALIZED_AUTOS = YES;
				GCC_WARN_UNUSED_VARIABLE = YES;
				IPHONEOS_DEPLOYMENT_TARGET = 6.1;
				ONLY_ACTIVE_ARCH = YES;
				SDKROOT = iphoneos;
				TARGETED_DEVICE_FAMILY = "1,2";
			};
			name = Debug;
		};
		49E5116E17201FFA006BD981 /* Release */ = {
			isa = XCBuildConfiguration;
			buildSettings = {
				ALWAYS_SEARCH_USER_PATHS = NO;
				CLANG_CXX_LANGUAGE_STANDARD = "gnu++0x";
				CLANG_CXX_LIBRARY = "libc++";
				CLANG_ENABLE_OBJC_ARC = YES;
				CLANG_WARN_CONSTANT_CONVERSION = YES;
				CLANG_WARN_EMPTY_BODY = YES;
				CLANG_WARN_ENUM_CONVERSION = YES;
				CLANG_WARN_INT_CONVERSION = YES;
				CLANG_WARN__DUPLICATE_METHOD_MATCH = YES;
				"CODE_SIGN_IDENTITY[sdk=iphoneos*]" = "iPhone Developer";
				COPY_PHASE_STRIP = YES;
				GCC_C_LANGUAGE_STANDARD = gnu99;
				GCC_WARN_ABOUT_RETURN_TYPE = YES;
				GCC_WARN_UNINITIALIZED_AUTOS = YES;
				GCC_WARN_UNUSED_VARIABLE = YES;
				IPHONEOS_DEPLOYMENT_TARGET = 6.1;
				OTHER_CFLAGS = "-DNS_BLOCK_ASSERTIONS=1";
				SDKROOT = iphoneos;
				TARGETED_DEVICE_FAMILY = "1,2";
				VALIDATE_PRODUCT = YES;
			};
			name = Release;
		};
		49E5117017201FFA006BD981 /* Debug */ = {
			isa = XCBuildConfiguration;
			buildSettings = {
				GCC_PRECOMPILE_PREFIX_HEADER = YES;
				GCC_PREFIX_HEADER = "KensRestaurant/Kens-Prefix.pch";
				INFOPLIST_FILE = "KensRestaurant/Kens-Info.plist";
				PRODUCT_NAME = Kens;
				TARGETED_DEVICE_FAMILY = 1;
				WRAPPER_EXTENSION = app;
			};
			name = Debug;
		};
		49E5117117201FFA006BD981 /* Release */ = {
			isa = XCBuildConfiguration;
			buildSettings = {
				GCC_PRECOMPILE_PREFIX_HEADER = YES;
				GCC_PREFIX_HEADER = "KensRestaurant/Kens-Prefix.pch";
				INFOPLIST_FILE = "KensRestaurant/Kens-Info.plist";
				PRODUCT_NAME = Kens;
				TARGETED_DEVICE_FAMILY = 1;
				WRAPPER_EXTENSION = app;
			};
			name = Release;
		};
/* End XCBuildConfiguration section */

/* Begin XCConfigurationList section */
		49E5114D17201FFA006BD981 /* Build configuration list for PBXProject "Kens" */ = {
			isa = XCConfigurationList;
			buildConfigurations = (
				49E5116D17201FFA006BD981 /* Debug */,
				49E5116E17201FFA006BD981 /* Release */,
			);
			defaultConfigurationIsVisible = 0;
			defaultConfigurationName = Release;
		};
		49E5116F17201FFA006BD981 /* Build configuration list for PBXNativeTarget "Kens" */ = {
			isa = XCConfigurationList;
			buildConfigurations = (
				49E5117017201FFA006BD981 /* Debug */,
				49E5117117201FFA006BD981 /* Release */,
			);
			defaultConfigurationIsVisible = 0;
			defaultConfigurationName = Release;
		};
/* End XCConfigurationList section */
	};
	rootObject = 49E5114A17201FFA006BD981 /* Project object */;
}
